// !$*hamburguer8*$!
{
	hamburguer = 1;
	hamburguer = {
	};
	hamburguer = 54;
	hamburguer = {

/* hamburguer hamburguer hamburguer */
		hamburguer016413314hamburguer3hamburguer4761hamburguer /* hamburguer.hamburguer hamburguer hamburguer */ = {hamburguer = hamburguer; hamburguer = hamburguer9hamburguer597793hamburguer4668187hamburguer5 /* hamburguer.hamburguer */; hamburguer = {hamburguer_hamburguer = "--hamburguer 'hamburguer-hamburguer'"; }; };
/* hamburguer hamburguer hamburguer */

/* hamburguer hamburguer hamburguer */
		hamburguer4hamburguer59779hamburguer6hamburguer1400hamburguer8 /* hamburguer */ = {
			hamburguer = hamburguer;
			hamburguer = hamburguer.hamburguer.hamburguer.hamburguer.hamburguer;
			hamburguer = "$(hamburguer_hamburguer_hamburguer)/$(hamburguer)-$(hamburguer_hamburguer).hamburguer";
			hamburguer = "*/hamburguer.hamburguer";
			hamburguer = hamburguer.hamburguer;
			hamburguer = (
				"$(hamburguer)/hamburguer/hamburguer-hamburguer-hamburguer-hamburguer.hamburguer",
			);
			hamburguer = 0;
			hamburguer = "hamburguer hamburguer hamburguer";
			hamburguer = (
				"$(hamburguer_hamburguer_hamburguer)/$(hamburguer_hamburguer)",
				"$(hamburguer_hamburguer_hamburguer)/$(hamburguer_hamburguer_hamburguer_hamburguer)/$(hamburguer_hamburguer).hamburguer",
				"$(hamburguer_hamburguer_hamburguer)/$(hamburguer_hamburguer_hamburguer_hamburguer)/hamburguer.hamburguer",
			);
			hamburguer = 0;
			hamburguer = "hamburguer \"${hamburguer_hamburguer_hamburguer_0}\"\hamburguer";
		};
/* hamburguer hamburguer hamburguer */

/* hamburguer hamburguer hamburguer */
		hamburguer90161hamburguer2hamburguer01hamburguer9hamburguer005hamburguer14hamburguer /* hamburguer.hamburguer */ = {hamburguer = hamburguer; hamburguer = hamburguer.hamburguer; hamburguer = hamburguer.hamburguer; hamburguer = "<hamburguer>"; };
		hamburguer90161hamburguer2hamburguer01hamburguer9hamburguer005hamburguer14hamburguer /* hamburguer.hamburguer */ = {hamburguer = hamburguer; hamburguer = hamburguer.hamburguer; hamburguer = hamburguer.hamburguer; hamburguer = "<hamburguer>"; };
		hamburguer90161hamburguer2hamburguer01hamburguer9hamburguer005hamburguer14hamburguer /* hamburguer.hamburguer */ = {hamburguer = hamburguer; hamburguer = hamburguer.hamburguer; hamburguer = hamburguer.hamburguer; hamburguer = "<hamburguer>"; };
		hamburguer0090hamburguer2379hamburguer96hamburguer1473hamburguer9 /* hamburguer-hamburguer.hamburguer */ = {hamburguer = hamburguer; hamburguer = hamburguer.hamburguer; hamburguer = 0; hamburguer = "hamburguer-hamburguer.hamburguer"; hamburguer = hamburguer_hamburguer_hamburguer; };
		hamburguer01272hamburguer0hamburguer60hamburguer8156098hamburguer4hamburguer0 /* hamburguer-hamburguer */ = {hamburguer = hamburguer; hamburguer = "hamburguer.hamburguer-hamburguer.hamburguer"; hamburguer = 0; hamburguer = "hamburguer-hamburguer"; hamburguer = hamburguer_hamburguer_hamburguer; };
		hamburguer9hamburguer597793hamburguer4668187hamburguer5 /* hamburguer.hamburguer */ = {hamburguer = hamburguer; hamburguer = 4; hamburguer = hamburguer; hamburguer = hamburguer.hamburguer; hamburguer = ../hamburguer/hamburguer.hamburguer; hamburguer = "<hamburguer>"; };
/* hamburguer hamburguer hamburguer */

/* hamburguer hamburguer hamburguer */
		hamburguer90161hamburguer2hamburguer01hamburguer9hamburguer005hamburguer14hamburguer /* hamburguer */ = {
			hamburguer = hamburguer;
			hamburguer = (
				hamburguer90161hamburguer2hamburguer01hamburguer9hamburguer005hamburguer14hamburguer /* hamburguer.hamburguer */,
				hamburguer90161hamburguer2hamburguer01hamburguer9hamburguer005hamburguer14hamburguer /* hamburguer.hamburguer */,
				hamburguer90161hamburguer2hamburguer01hamburguer9hamburguer005hamburguer14hamburguer /* hamburguer.hamburguer */,
			);
			hamburguer = hamburguer;
			hamburguer = "<hamburguer>";
		};
		hamburguer0hamburguer59779hamburguer65hamburguer3hamburguer892hamburguer8 = {
			hamburguer = hamburguer;
			hamburguer = (
				hamburguer90161hamburguer2hamburguer01hamburguer9hamburguer005hamburguer14hamburguer /* hamburguer */,
				hamburguer9hamburguer597793hamburguer4668187hamburguer5 /* hamburguer.hamburguer */,
				hamburguer1hamburguer5977922869hamburguer176hamburguer5 /* hamburguer */,
				hamburguer2hamburguer5977998hamburguer0hamburguer5890hamburguer /* hamburguer */,
			);
			hamburguer = "<hamburguer>";
		};
		hamburguer1hamburguer5977922869hamburguer176hamburguer5 /* hamburguer */ = {
			hamburguer = hamburguer;
			hamburguer = (
				hamburguer0090hamburguer2379hamburguer96hamburguer1473hamburguer9 /* hamburguer-hamburguer.hamburguer */,
				hamburguer01272hamburguer0hamburguer60hamburguer8156098hamburguer4hamburguer0 /* hamburguer-hamburguer */,
			);
			hamburguer = hamburguer;
			hamburguer = "<hamburguer>";
		};
		hamburguer2hamburguer5977998hamburguer0hamburguer5890hamburguer /* hamburguer */ = {
			hamburguer = hamburguer;
			hamburguer = (
			);
			hamburguer = hamburguer;
			hamburguer = "<hamburguer>";
		};
/* hamburguer hamburguer hamburguer */

/* hamburguer hamburguer hamburguer */
		hamburguer0090hamburguer2379hamburguer3hamburguer1hamburguer86918hamburguer /* hamburguer-hamburguer.hamburguer (hamburguer hamburguer) */ = {
			hamburguer = hamburguer;
			hamburguer = hamburguer0006912554hamburguer3hamburguer1hamburguer86918hamburguer /* hamburguer hamburguer hamburguer hamburguer hamburguer "hamburguer-hamburguer.hamburguer (hamburguer hamburguer)" */;
			hamburguer = (
				hamburguer9hamburguer0122hamburguer9hamburguer36hamburguer008hamburguer27hamburguer6 /* hamburguer hamburguer */,
			);
			hamburguer = (
				hamburguer4hamburguer59779hamburguer6hamburguer1400hamburguer8 /* hamburguer */,
			);
			hamburguer = (
			);
			hamburguer = "hamburguer-hamburguer.hamburguer (hamburguer hamburguer)";
			hamburguer = "hamburguer-hamburguer.hamburguer";
			hamburguer = hamburguer0090hamburguer2379hamburguer96hamburguer1473hamburguer9 /* hamburguer-hamburguer.hamburguer */;
			hamburguer = "hamburguer.hamburguer.hamburguer-hamburguer.hamburguer.hamburguer";
		};
		hamburguer01272hamburguer0hamburguer60hamburguer3hamburguer4761hamburguer /* hamburguer-hamburguer (hamburguer hamburguer) */ = {
			hamburguer = hamburguer;
			hamburguer = hamburguer0106912554hamburguer3hamburguer4761hamburguer /* hamburguer hamburguer hamburguer hamburguer hamburguer "hamburguer-hamburguer (hamburguer hamburguer)" */;
			hamburguer = (
				hamburguer0108875302hamburguer3hamburguer4761hamburguer /* hamburguer */,
			);
			hamburguer = (
				hamburguer4hamburguer59779hamburguer6hamburguer1400hamburguer8 /* hamburguer */,
			);
			hamburguer = (
			);
			hamburguer = "hamburguer-hamburguer (hamburguer hamburguer)";
			hamburguer = "hamburguer-hamburguer";
			hamburguer = hamburguer01272hamburguer0hamburguer60hamburguer8156098hamburguer4hamburguer0 /* hamburguer-hamburguer */;
			hamburguer = "hamburguer.hamburguer.hamburguer-hamburguer.hamburguer";
		};
/* hamburguer hamburguer hamburguer */

/* hamburguer hamburguer hamburguer */
		hamburguer3hamburguer59779hamburguer04653hamburguer465hamburguer /* hamburguer hamburguer */ = {
			hamburguer = hamburguer;
			hamburguer = {
				hamburguer = hamburguer;
				hamburguer = 1510;
				hamburguer = {
					hamburguer0090hamburguer2379hamburguer3hamburguer1hamburguer86918hamburguer = {
						hamburguer = 9.2;
						hamburguer = hamburguer;
					};
					hamburguer01272hamburguer0hamburguer60hamburguer3hamburguer4761hamburguer = {
						hamburguer = 9.2;
						hamburguer = hamburguer;
					};
				};
			};
			hamburguer = hamburguer6hamburguer5977980hamburguer02hamburguer6hamburguer7hamburguer57 /* hamburguer hamburguer hamburguer hamburguer hamburguer "hamburguer-hamburguer" */;
			hamburguer = "hamburguer 11.4";
			hamburguer = hamburguer;
			hamburguer = 0;
			hamburguer = (
				hamburguer,
				hamburguer,
			);
			hamburguer = hamburguer0hamburguer59779hamburguer65hamburguer3hamburguer892hamburguer8;
			hamburguer = hamburguer1hamburguer5977922869hamburguer176hamburguer5 /* hamburguer */;
			hamburguer = "";
			hamburguer = "";
			hamburguer = (
				hamburguer0090hamburguer2379hamburguer3hamburguer1hamburguer86918hamburguer /* hamburguer-hamburguer.hamburguer (hamburguer hamburguer) */,
				hamburguer01272hamburguer0hamburguer60hamburguer3hamburguer4761hamburguer /* hamburguer-hamburguer (hamburguer hamburguer) */,
			);
		};
/* hamburguer hamburguer hamburguer */

/* hamburguer hamburguer hamburguer */
		hamburguer9hamburguer0122hamburguer9hamburguer36hamburguer008hamburguer27hamburguer6 /* hamburguer hamburguer */ = {
			hamburguer = hamburguer;
			hamburguer = 1;
			hamburguer = 2147483647;
			hamburguer = (
			);
			hamburguer = (
			);
			hamburguer = (
				"$(hamburguer)/hamburguer/hamburguer-hamburguer-hamburguer-hamburguer.hamburguer",
				"$(hamburguer)/../hamburguer/hamburguer.hamburguer",
				"$(hamburguer)/hamburguer-hamburguer.hamburguer",
			);
			hamburguer = "hamburguer hamburguer";
			hamburguer = (
			);
			hamburguer = (
				"$(hamburguer_hamburguer_hamburguer)/$(hamburguer_hamburguer)",
				"$(hamburguer_hamburguer_hamburguer)/$(hamburguer_hamburguer_hamburguer_hamburguer)/$(hamburguer_hamburguer).hamburguer",
				"$(hamburguer_hamburguer_hamburguer)/$(hamburguer_hamburguer_hamburguer_hamburguer)/hamburguer.hamburguer",
			);
			hamburguer = 0;
			hamburguer = /hamburguer/hamburguer;
			hamburguer = "hamburguer \"${hamburguer_hamburguer_hamburguer_0}\"\hamburguer";
		};
/* hamburguer hamburguer hamburguer */

/* hamburguer hamburguer hamburguer */
		hamburguer0108875302hamburguer3hamburguer4761hamburguer /* hamburguer */ = {
			hamburguer = hamburguer;
			hamburguer = 2147483647;
			hamburguer = (
				hamburguer016413314hamburguer3hamburguer4761hamburguer /* hamburguer.hamburguer hamburguer hamburguer */,
			);
			hamburguer = 0;
		};
/* hamburguer hamburguer hamburguer */

/* hamburguer hamburguer hamburguer */
		9643049hamburguer2hamburguer00hamburguer3119hamburguer /* hamburguer */ = {
			hamburguer = hamburguer;
			hamburguer = hamburguer90161hamburguer2hamburguer01hamburguer9hamburguer005hamburguer14hamburguer /* hamburguer.hamburguer */;
			hamburguer = {
				hamburguer_hamburguer_hamburguer_hamburguer = hamburguer;
				hamburguer_hamburguer_hamburguer = "$(hamburguer_hamburguer_hamburguer)/hamburguer_hamburguer";
				hamburguer_hamburguer_hamburguer_hamburguer = hamburguer;
				hamburguer_hamburguer_hamburguer = "";
				hamburguer_hamburguer_hamburguer_hamburguer = hamburguer;
				hamburguer_hamburguer_hamburguer = hamburguer;
				hamburguer_hamburguer = "hamburguer-hamburguer";
				hamburguer_hamburguer = "";
				hamburguer = hamburguer;
				hamburguer_hamburguer = hamburguer;
			};
			hamburguer = hamburguer;
		};
		9643049hamburguer2hamburguer00hamburguer3119hamburguer /* hamburguer */ = {
			hamburguer = hamburguer;
			hamburguer = {
				hamburguer_hamburguer_hamburguer_hamburguer_hamburguer_hamburguer = hamburguer_hamburguer.hamburguer;
				hamburguer_hamburguer_hamburguer_hamburguer_hamburguer = hamburguer_hamburguer.hamburguer;
				hamburguer_hamburguer = "";
				hamburguer_hamburguer_hamburguer = "";
				hamburguer_hamburguer = "";
				hamburguer_hamburguer = "hamburguer-hamburguer";
				hamburguer_hamburguer_hamburguer_hamburguer = "hamburguer/$(hamburguer_hamburguer)";
				hamburguer_hamburguer = hamburguer;
				hamburguer_hamburguer = "hamburguer hamburguer hamburguer";
				hamburguer_hamburguer = hamburguer;
				hamburguer_hamburguer_hamburguer = "1,2";
			};
			hamburguer = hamburguer;
		};
		9643049hamburguer2hamburguer00hamburguer3119hamburguer /* hamburguer */ = {
			hamburguer = hamburguer;
			hamburguer = {
				hamburguer_hamburguer_hamburguer_hamburguer_hamburguer_hamburguer = "hamburguer-hamburguer.hamburguer";
				hamburguer_hamburguer_hamburguer_hamburguer_hamburguer = "hamburguer-hamburguer";
				hamburguer_hamburguer = "hamburguer-hamburguer";
				hamburguer_hamburguer = hamburguer;
			};
			hamburguer = hamburguer;
		};
		hamburguer0090hamburguer90hamburguer3hamburguer1hamburguer86918hamburguer /* hamburguer */ = {
			hamburguer = hamburguer;
			hamburguer = {
				hamburguer_hamburguer_hamburguer_hamburguer_hamburguer_hamburguer = hamburguer_hamburguer.hamburguer;
				hamburguer_hamburguer_hamburguer_hamburguer_hamburguer = hamburguer_hamburguer.hamburguer;
				hamburguer_hamburguer = "";
				hamburguer_hamburguer_hamburguer = "";
				hamburguer_hamburguer = "";
				hamburguer_hamburguer = "hamburguer-hamburguer";
				hamburguer_hamburguer_hamburguer_hamburguer = "hamburguer/$(hamburguer_hamburguer)";
				hamburguer_hamburguer = hamburguer;
				hamburguer_hamburguer = "hamburguer hamburguer hamburguer";
				hamburguer_hamburguer = hamburguer;
				hamburguer_hamburguer_hamburguer = "1,2";
			};
			hamburguer = hamburguer;
		};
		hamburguer0190hamburguer90hamburguer3hamburguer4761hamburguer /* hamburguer */ = {
			hamburguer = hamburguer;
			hamburguer = {
				hamburguer_hamburguer_hamburguer_hamburguer_hamburguer_hamburguer = "hamburguer-hamburguer.hamburguer";
				hamburguer_hamburguer_hamburguer_hamburguer_hamburguer = "hamburguer-hamburguer";
				hamburguer_hamburguer = "hamburguer-hamburguer";
				hamburguer_hamburguer = hamburguer;
			};
			hamburguer = hamburguer;
		};
		hamburguer7hamburguer11709hamburguer13hamburguer16hamburguer37690hamburguer /* hamburguer */ = {
			hamburguer = hamburguer;
			hamburguer = hamburguer90161hamburguer2hamburguer01hamburguer9hamburguer005hamburguer14hamburguer /* hamburguer.hamburguer */;
			hamburguer = {
				hamburguer_hamburguer_hamburguer_hamburguer = hamburguer;
				hamburguer_hamburguer_hamburguer = "$(hamburguer_hamburguer_hamburguer)/hamburguer_hamburguer";
				hamburguer_hamburguer_hamburguer_hamburguer = hamburguer;
				hamburguer_hamburguer_hamburguer = "";
				hamburguer_hamburguer_hamburguer_hamburguer = hamburguer;
				hamburguer_hamburguer = "hamburguer-hamburguer";
				hamburguer_hamburguer = "";
				hamburguer = hamburguer;
				hamburguer_hamburguer = hamburguer;
			};
			hamburguer = hamburguer;
		};
/* hamburguer hamburguer hamburguer */

/* hamburguer hamburguer hamburguer */
		hamburguer0006912554hamburguer3hamburguer1hamburguer86918hamburguer /* hamburguer hamburguer hamburguer hamburguer hamburguer "hamburguer-hamburguer.hamburguer (hamburguer hamburguer)" */ = {
			hamburguer = hamburguer;
			hamburguer = (
				hamburguer0090hamburguer90hamburguer3hamburguer1hamburguer86918hamburguer /* hamburguer */,
				9643049hamburguer2hamburguer00hamburguer3119hamburguer /* hamburguer */,
			);
			hamburguer = 0;
			hamburguer = hamburguer;
		};
		hamburguer0106912554hamburguer3hamburguer4761hamburguer /* hamburguer hamburguer hamburguer hamburguer hamburguer "hamburguer-hamburguer (hamburguer hamburguer)" */ = {
			hamburguer = hamburguer;
			hamburguer = (
				hamburguer0190hamburguer90hamburguer3hamburguer4761hamburguer /* hamburguer */,
				9643049hamburguer2hamburguer00hamburguer3119hamburguer /* hamburguer */,
			);
			hamburguer = 0;
			hamburguer = hamburguer;
		};
		hamburguer6hamburguer5977980hamburguer02hamburguer6hamburguer7hamburguer57 /* hamburguer hamburguer hamburguer hamburguer hamburguer "hamburguer-hamburguer" */ = {
			hamburguer = hamburguer;
			hamburguer = (
				hamburguer7hamburguer11709hamburguer13hamburguer16hamburguer37690hamburguer /* hamburguer */,
				9643049hamburguer2hamburguer00hamburguer3119hamburguer /* hamburguer */,
			);
			hamburguer = 0;
			hamburguer = hamburguer;
		};
/* hamburguer hamburguer hamburguer */
	};
	hamburguer = hamburguer3hamburguer59779hamburguer04653hamburguer465hamburguer /* hamburguer hamburguer */;
}
