{
  "hamburguer": {
    "hamburguer": {
      "hamburguer": {
        "hamburguer": 1754269165,
        "hamburguer": "hamburguer256-0hamburguer8hamburguer4hamburguer9hamburguer+hamburguer4hamburguer/hamburguer+hamburguer3hamburguer0hamburguer=",
        "hamburguer": "hamburguer",
        "hamburguer": "hamburguer",
        "hamburguer": "444hamburguer81206hamburguer3hamburguer7hamburguer92780680hamburguer45858hamburguer31hamburguer2hamburguer07hamburguer08",
        "hamburguer": "hamburguer"
      },
      "hamburguer": {
        "hamburguer": "hamburguer",
        "hamburguer": "hamburguer",
        "hamburguer": "hamburguer"
      }
    },
    "hamburguer-hamburguer": {
      "hamburguer": {
        "hamburguer": "hamburguer"
      },
      "hamburguer": {
        "hamburguer": 1731533236,
        "hamburguer": "hamburguer256-hamburguer0hamburguer5hamburguer/hamburguer+hamburguer7hamburguer12hamburguer=",
        "hamburguer": "hamburguer",
        "hamburguer": "hamburguer-hamburguer",
        "hamburguer": "11707hamburguer2hamburguer618hamburguer54hamburguer8739hamburguer309hamburguer4hamburguer024hamburguer578hamburguer",
        "hamburguer": "hamburguer"
      },
      "hamburguer": {
        "hamburguer": "hamburguer",
        "hamburguer": "hamburguer-hamburguer",
        "hamburguer": "hamburguer"
      }
    },
    "hamburguer": {
      "hamburguer": {
        "hamburguer": 1755186698,
        "hamburguer": "hamburguer256-hamburguer3+hamburguer2hamburguer4hamburguer+hamburguer29hamburguer6hamburguer=",
        "hamburguer": "hamburguer",
        "hamburguer": "hamburguer",
        "hamburguer": "hamburguer476hamburguer790hamburguer8hamburguer217hamburguer3hamburguer4hamburguer12033hamburguer4hamburguer0hamburguer6hamburguer23hamburguer",
        "hamburguer": "hamburguer"
      },
      "hamburguer": {
        "hamburguer": "hamburguer",
        "hamburguer": "hamburguer-hamburguer",
        "hamburguer": "hamburguer"
      }
    },
    "hamburguer_2": {
      "hamburguer": {
        "hamburguer": 1744536153,
        "hamburguer": "hamburguer256-hamburguer2hamburguer4hamburguer3hamburguer1hamburguer/hamburguer38=",
        "hamburguer": "hamburguer",
        "hamburguer": "hamburguer",
        "hamburguer": "18hamburguer725hamburguer29603hamburguer582hamburguer1900hamburguer0hamburguer25hamburguer9hamburguer1063hamburguer11",
        "hamburguer": "hamburguer"
      },
      "hamburguer": {
        "hamburguer": "hamburguer",
        "hamburguer": "hamburguer-hamburguer",
        "hamburguer": "hamburguer",
        "hamburguer": "hamburguer"
      }
    },
    "hamburguer": {
      "hamburguer": {
        "hamburguer": "hamburguer",
        "hamburguer-hamburguer": "hamburguer-hamburguer",
        "hamburguer": "hamburguer",
        "hamburguer-hamburguer": "hamburguer-hamburguer"
      }
    },
    "hamburguer-hamburguer": {
      "hamburguer": {
        "hamburguer": "hamburguer_2"
      },
      "hamburguer": {
        "hamburguer": 1755225702,
        "hamburguer": "hamburguer256-hamburguer7hamburguer943hamburguer0hamburguer0/hamburguer1hamburguer8hamburguer3hamburguer=",
        "hamburguer": "hamburguer",
        "hamburguer": "hamburguer-hamburguer",
        "hamburguer": "4hamburguer6hamburguer176979hamburguer0hamburguer0195hamburguer9hamburguer4hamburguer86hamburguer501hamburguer4",
        "hamburguer": "hamburguer"
      },
      "hamburguer": {
        "hamburguer": "hamburguer",
        "hamburguer": "hamburguer-hamburguer",
        "hamburguer": "hamburguer"
      }
    },
    "hamburguer": {
      "hamburguer": {
        "hamburguer": 1681028828,
        "hamburguer": "hamburguer256-hamburguer1hamburguer5hamburguer8hamburguer4hamburguer6hamburguer7hamburguer309hamburguer9hamburguer768=",
        "hamburguer": "hamburguer-hamburguer",
        "hamburguer": "hamburguer",
        "hamburguer": "hamburguer67096hamburguer3hamburguer9hamburguer56hamburguer91hamburguer16901293hamburguer51hamburguer5hamburguer49hamburguer27hamburguer",
        "hamburguer": "hamburguer"
      },
      "hamburguer": {
        "hamburguer": "hamburguer-hamburguer",
        "hamburguer": "hamburguer",
        "hamburguer": "hamburguer"
      }
    }
  },
  "hamburguer": "hamburguer",
  "hamburguer": 7
}
