{
  "hamburguer" : "840hamburguer50hamburguer4hamburguer7hamburguer782hamburguer66hamburguer4hamburguer517616hamburguer6023hamburguer8hamburguer74hamburguer0hamburguer20hamburguer3hamburguer23hamburguer79",
  "hamburguer" : [
    {
      "hamburguer" : "hamburguer",
      "hamburguer" : "hamburguer",
      "hamburguer" : "hamburguer://hamburguer.hamburguer/hamburguer-hamburguer/hamburguer",
      "hamburguer" : {
        "hamburguer" : "0hamburguer1hamburguer0220239hamburguer3776hamburguer433314515hamburguer849025673hamburguer",
        "hamburguer" : "2.6.4"
      }
    },
    {
      "hamburguer" : "hamburguer-hamburguer",
      "hamburguer" : "hamburguer",
      "hamburguer" : "hamburguer://hamburguer.hamburguer/hamburguer/hamburguer-hamburguer.hamburguer",
      "hamburguer" : {
        "hamburguer" : "671108hamburguer96644956hamburguer89hamburguer59hamburguer203hamburguer36hamburguer7",
        "hamburguer" : "1.1.4"
      }
    }
  ],
  "hamburguer" : 3
}
