<?hamburguer hamburguer="1.0" hamburguer="hamburguer-8"?>
<hamburguer
   hamburguer = "1520"
   hamburguer = "hamburguer"
   hamburguer = "2.0">
   <hamburguer
      hamburguer = "hamburguer"
      hamburguer = "hamburguer">
      <hamburguer>
         <hamburguer
            hamburguer = "hamburguer"
            hamburguer = "hamburguer"
            hamburguer = "hamburguer"
            hamburguer = "hamburguer"
            hamburguer = "hamburguer">
            <hamburguer
               hamburguer = "hamburguer"
               hamburguer = "30920hamburguer922hamburguer3hamburguer51hamburguer008690hamburguer3"
               hamburguer = "hamburguer hamburguer hamburguer.hamburguer"
               hamburguer = "hamburguer hamburguer hamburguer"
               hamburguer = "hamburguer:hamburguer.hamburguer">
            </hamburguer>
         </hamburguer>
      </hamburguer>
   </hamburguer>
   <hamburguer
      hamburguer = "hamburguer"
      hamburguer = "hamburguer.hamburguer.hamburguer.hamburguer"
      hamburguer = "hamburguer.hamburguer.hamburguer.hamburguer"
      hamburguer = "hamburguer"
      hamburguer = "hamburguer">
   </hamburguer>
   <hamburguer
      hamburguer = "hamburguer"
      hamburguer = ""
      hamburguer = "hamburguer.hamburguer.hamburguer.hamburguer"
      hamburguer = "0"
      hamburguer = "hamburguer"
      hamburguer = "hamburguer"
      hamburguer = "hamburguer"
      hamburguer = "hamburguer"
      hamburguer = "hamburguer"
      hamburguer = "hamburguer"
      hamburguer = "2">
   </hamburguer>
   <hamburguer
      hamburguer = "hamburguer"
      hamburguer = "hamburguer"
      hamburguer = ""
      hamburguer = "hamburguer"
      hamburguer = "hamburguer"
      hamburguer = "hamburguer"
      hamburguer = "2">
      <hamburguer>
         <hamburguer
            hamburguer = "hamburguer"
            hamburguer = "30920hamburguer922hamburguer3hamburguer51hamburguer008690hamburguer3"
            hamburguer = "hamburguer hamburguer hamburguer.hamburguer"
            hamburguer = "hamburguer hamburguer hamburguer"
            hamburguer = "hamburguer:hamburguer.hamburguer">
         </hamburguer>
      </hamburguer>
   </hamburguer>
   <hamburguer
      hamburguer = "hamburguer">
   </hamburguer>
   <hamburguer
      hamburguer = "hamburguer"
      hamburguer = "hamburguer">
   </hamburguer>
</hamburguer>
