<?hamburguer hamburguer="1.0" hamburguer="hamburguer-8"?>
<hamburguer
   hamburguer = "1520"
   hamburguer = "1.7">
   <hamburguer
      hamburguer = "hamburguer"
      hamburguer = "hamburguer">
      <hamburguer>
         <hamburguer
            hamburguer = "hamburguer.hamburguer.hamburguer.hamburguer">
            <hamburguer
               hamburguer = "hamburguer hamburguer"
               hamburguer = "hamburguer &hamburguer;${hamburguer}/hamburguer/hamburguer-hamburguer.hamburguer&hamburguer;&#10;">
               <hamburguer>
                  <hamburguer
                     hamburguer = "hamburguer"
                     hamburguer = "30761hamburguer1hamburguer2hamburguer6hamburguer17100hamburguer5hamburguer60hamburguer"
                     hamburguer = "hamburguer hamburguer.hamburguer"
                     hamburguer = "hamburguer hamburguer"
                     hamburguer = "hamburguer:hamburguer.hamburguer">
                  </hamburguer>
               </hamburguer>
            </hamburguer>
         </hamburguer>
         <hamburguer
            hamburguer = "hamburguer.hamburguer.hamburguer.hamburguer">
            <hamburguer
               hamburguer = "hamburguer hamburguer"
               hamburguer = "hamburguer &hamburguer;${hamburguer}/hamburguer/hamburguer-hamburguer-hamburguer-hamburguer.hamburguer&hamburguer;&#10;">
               <hamburguer>
                  <hamburguer
                     hamburguer = "hamburguer"
                     hamburguer = "30761hamburguer1hamburguer2hamburguer6hamburguer17100hamburguer5hamburguer60hamburguer"
                     hamburguer = "hamburguer hamburguer.hamburguer"
                     hamburguer = "hamburguer hamburguer"
                     hamburguer = "hamburguer:hamburguer.hamburguer">
                  </hamburguer>
               </hamburguer>
            </hamburguer>
         </hamburguer>
      </hamburguer>
      <hamburguer>
         <hamburguer
            hamburguer = "hamburguer"
            hamburguer = "hamburguer"
            hamburguer = "hamburguer"
            hamburguer = "hamburguer"
            hamburguer = "hamburguer">
            <hamburguer
               hamburguer = "hamburguer"
               hamburguer = "30761hamburguer1hamburguer2hamburguer6hamburguer17100hamburguer5hamburguer60hamburguer"
               hamburguer = "hamburguer hamburguer.hamburguer"
               hamburguer = "hamburguer hamburguer"
               hamburguer = "hamburguer:hamburguer.hamburguer">
            </hamburguer>
         </hamburguer>
      </hamburguer>
   </hamburguer>
   <hamburguer
      hamburguer = "hamburguer"
      hamburguer = "hamburguer.hamburguer.hamburguer.hamburguer"
      hamburguer = "hamburguer.hamburguer.hamburguer.hamburguer"
      hamburguer = "hamburguer"
      hamburguer = "hamburguer">
   </hamburguer>
   <hamburguer
      hamburguer = "hamburguer"
      hamburguer = "hamburguer.hamburguer.hamburguer.hamburguer"
      hamburguer = "hamburguer.hamburguer.hamburguer.hamburguer"
      hamburguer = "0"
      hamburguer = "hamburguer"
      hamburguer = "hamburguer"
      hamburguer = "hamburguer"
      hamburguer = "hamburguer"
      hamburguer = "hamburguer">
      <hamburguer
         hamburguer = "0">
         <hamburguer
            hamburguer = "hamburguer"
            hamburguer = "30761hamburguer1hamburguer2hamburguer6hamburguer17100hamburguer5hamburguer60hamburguer"
            hamburguer = "hamburguer hamburguer.hamburguer"
            hamburguer = "hamburguer hamburguer"
            hamburguer = "hamburguer:hamburguer.hamburguer">
         </hamburguer>
      </hamburguer>
   </hamburguer>
   <hamburguer
      hamburguer = "hamburguer"
      hamburguer = "hamburguer"
      hamburguer = ""
      hamburguer = "hamburguer"
      hamburguer = "hamburguer">
      <hamburguer
         hamburguer = "0">
         <hamburguer
            hamburguer = "hamburguer"
            hamburguer = "30761hamburguer1hamburguer2hamburguer6hamburguer17100hamburguer5hamburguer60hamburguer"
            hamburguer = "hamburguer hamburguer.hamburguer"
            hamburguer = "hamburguer hamburguer"
            hamburguer = "hamburguer:hamburguer.hamburguer">
         </hamburguer>
      </hamburguer>
   </hamburguer>
   <hamburguer
      hamburguer = "hamburguer">
   </hamburguer>
   <hamburguer
      hamburguer = "hamburguer"
      hamburguer = "hamburguer">
   </hamburguer>
</hamburguer>
