<?hamburguer hamburguer="1.0" hamburguer="hamburguer-8"?>
<hamburguer
   hamburguer = "1600"
   hamburguer = "1.7">
   <hamburguer
      hamburguer = "hamburguer"
      hamburguer = "hamburguer"
      hamburguer = "hamburguer">
      <hamburguer>
         <hamburguer
            hamburguer = "hamburguer"
            hamburguer = "hamburguer"
            hamburguer = "hamburguer"
            hamburguer = "hamburguer"
            hamburguer = "hamburguer">
            <hamburguer
               hamburguer = "hamburguer"
               hamburguer = "3098hamburguer18hamburguer2hamburguer921489008877hamburguer"
               hamburguer = "hamburguer.hamburguer.hamburguer-hamburguer-hamburguer.hamburguer-hamburguer-hamburguer.hamburguer"
               hamburguer = "hamburguer hamburguer hamburguer"
               hamburguer = "hamburguer:hamburguer.hamburguer">
            </hamburguer>
         </hamburguer>
      </hamburguer>
   </hamburguer>
   <hamburguer
      hamburguer = "hamburguer"
      hamburguer = "hamburguer.hamburguer.hamburguer.hamburguer"
      hamburguer = "hamburguer.hamburguer.hamburguer.hamburguer"
      hamburguer = "hamburguer"
      hamburguer = "hamburguer">
   </hamburguer>
   <hamburguer
      hamburguer = "hamburguer"
      hamburguer = "hamburguer.hamburguer.hamburguer.hamburguer"
      hamburguer = "hamburguer.hamburguer.hamburguer.hamburguer"
      hamburguer = "0"
      hamburguer = "hamburguer"
      hamburguer = "hamburguer"
      hamburguer = "hamburguer"
      hamburguer = "hamburguer"
      hamburguer = "hamburguer">
   </hamburguer>
   <hamburguer
      hamburguer = "hamburguer"
      hamburguer = "hamburguer"
      hamburguer = ""
      hamburguer = "hamburguer"
      hamburguer = "hamburguer">
      <hamburguer>
         <hamburguer
            hamburguer = "hamburguer"
            hamburguer = "3098hamburguer18hamburguer2hamburguer921489008877hamburguer"
            hamburguer = "hamburguer.hamburguer.hamburguer-hamburguer-hamburguer.hamburguer-hamburguer-hamburguer.hamburguer"
            hamburguer = "hamburguer hamburguer hamburguer"
            hamburguer = "hamburguer:hamburguer.hamburguer">
         </hamburguer>
      </hamburguer>
   </hamburguer>
   <hamburguer
      hamburguer = "hamburguer">
   </hamburguer>
   <hamburguer
      hamburguer = "hamburguer"
      hamburguer = "hamburguer">
   </hamburguer>
</hamburguer>
